
Microsoft Visual Studio Solution File, Format Version 12.00
# Visual Studio Version 16
VisualStudioVersion = 16.0.31112.23
MinimumVisualStudioVersion = 10.0.40219.1
Project("{FAE04EC0-301F-11D3-BF4B-00C04F79EFBC}") = "CrawlingFundsRank", "CrawlingFundsRank.csproj", "{829578A4-BF1E-46CB-96A8-A5C3800245BF}"
EndProject
Global
	GlobalSection(SolutionConfigurationPlatforms) = preSolution
		Debug|Any CPU = Debug|Any CPU
		Release|Any CPU = Release|Any CPU
	EndGlobalSection
	GlobalSection(ProjectConfigurationPlatforms) = postSolution
		{829578A4-BF1E-46CB-96A8-A5C3800245BF}.Debug|Any CPU.ActiveCfg = Debug|Any CPU
		{829578A4-BF1E-46CB-96A8-A5C3800245BF}.Debug|Any CPU.Build.0 = Debug|Any CPU
		{829578A4-BF1E-46CB-96A8-A5C3800245BF}.Release|Any CPU.ActiveCfg = Release|Any CPU
		{829578A4-BF1E-46CB-96A8-A5C3800245BF}.Release|Any CPU.Build.0 = Release|Any CPU
	EndGlobalSection
	GlobalSection(SolutionProperties) = preSolution
		HideSolutionNode = FALSE
	EndGlobalSection
	GlobalSection(ExtensibilityGlobals) = postSolution
		SolutionGuid = {02A46F00-AB7C-4B53-8701-286FC3250767}
	EndGlobalSection
EndGlobal
